
Microsoft Visual Studio Solution File, Format Version 12.00
# Visual Studio Version 17
VisualStudioVersion = 17.14.37111.16 d17.14
MinimumVisualStudioVersion = 10.0.40219.1
Project("{FAE04EC0-301F-11D3-BF4B-00C04F79EFBC}") = "HotelManagementSystem", "HotelManagementSystem\HotelManagementSystem.csproj", "{173D722E-E30B-4FFD-8775-5C099C434B16}"
EndProject
Global
	GlobalSection(SolutionConfigurationPlatforms) = preSolution
		Debug|Any CPU = Debug|Any CPU
		Debug|x64 = Debug|x64
		Debug|x86 = Debug|x86
		Release|Any CPU = Release|Any CPU
		Release|x64 = Release|x64
		Release|x86 = Release|x86
	EndGlobalSection
	GlobalSection(ProjectConfigurationPlatforms) = postSolution
		{173D722E-E30B-4FFD-8775-5C099C434B16}.Debug|Any CPU.ActiveCfg = Debug|Any CPU
		{173D722E-E30B-4FFD-8775-5C099C434B16}.Debug|Any CPU.Build.0 = Debug|Any CPU
		{173D722E-E30B-4FFD-8775-5C099C434B16}.Debug|x64.ActiveCfg = Debug|x64
		{173D722E-E30B-4FFD-8775-5C099C434B16}.Debug|x64.Build.0 = Debug|x64
		{173D722E-E30B-4FFD-8775-5C099C434B16}.Debug|x86.ActiveCfg = Debug|x86
		{173D722E-E30B-4FFD-8775-5C099C434B16}.Debug|x86.Build.0 = Debug|x86
		{173D722E-E30B-4FFD-8775-5C099C434B16}.Release|Any CPU.ActiveCfg = Release|Any CPU
		{173D722E-E30B-4FFD-8775-5C099C434B16}.Release|Any CPU.Build.0 = Release|Any CPU
		{173D722E-E30B-4FFD-8775-5C099C434B16}.Release|x64.ActiveCfg = Release|x64
		{173D722E-E30B-4FFD-8775-5C099C434B16}.Release|x64.Build.0 = Release|x64
		{173D722E-E30B-4FFD-8775-5C099C434B16}.Release|x86.ActiveCfg = Release|x86
		{173D722E-E30B-4FFD-8775-5C099C434B16}.Release|x86.Build.0 = Release|x86
	EndGlobalSection
	GlobalSection(SolutionProperties) = preSolution
		HideSolutionNode = FALSE
	EndGlobalSection
	GlobalSection(ExtensibilityGlobals) = postSolution
		SolutionGuid = {D1CC2BA6-B15B-4A5D-9F8B-D591BA0C8E62}
	EndGlobalSection
EndGlobal
